
Microsoft Visual Studio Solution File, Format Version 12.00
# Visual Studio 15
VisualStudioVersion = 15.0.28010.0
MinimumVisualStudioVersion = 10.0.40219.1
Project("{FAE04EC0-301F-11D3-BF4B-00C04F79EFBC}") = "MemoryLeak", "MemoryLeak\MemoryLeak.csproj", "{CA915136-AF96-476A-A4EC-15415D0C3DF2}"
EndProject
Global
	GlobalSection(SolutionConfigurationPlatforms) = preSolution
		Debug|Any CPU = Debug|Any CPU
		Release|Any CPU = Release|Any CPU
	EndGlobalSection
	GlobalSection(ProjectConfigurationPlatforms) = postSolution
		{CA915136-AF96-476A-A4EC-15415D0C3DF2}.Debug|Any CPU.ActiveCfg = Debug|Any CPU
		{CA915136-AF96-476A-A4EC-15415D0C3DF2}.Debug|Any CPU.Build.0 = Debug|Any CPU
		{CA915136-AF96-476A-A4EC-15415D0C3DF2}.Release|Any CPU.ActiveCfg = Release|Any CPU
		{CA915136-AF96-476A-A4EC-15415D0C3DF2}.Release|Any CPU.Build.0 = Release|Any CPU
	EndGlobalSection
	GlobalSection(SolutionProperties) = preSolution
		HideSolutionNode = FALSE
	EndGlobalSection
	GlobalSection(ExtensibilityGlobals) = postSolution
		SolutionGuid = {32A65C57-0F4B-4A14-ADF5-7124BB0703F8}
	EndGlobalSection
EndGlobal
